
Microsoft Visual Studio Solution File, Format Version 11.00
# Visual Studio 2010
Project("{FAE04EC0-301F-11D3-BF4B-00C04F79EFBC}") = "AR Senjata", "Assembly-CSharp.csproj", "{74B1172B-B0D5-A16D-7D24-9913F2D36448}"
EndProject
Project("{FAE04EC0-301F-11D3-BF4B-00C04F79EFBC}") = "AR Senjata", "Assembly-CSharp-Editor.csproj", "{1C8DDFDE-F4C2-01D2-1CE5-A28092207E45}"
EndProject
Global
	GlobalSection(SolutionConfigurationPlatforms) = preSolution
		Debug|Any CPU = Debug|Any CPU
		Release|Any CPU = Release|Any CPU
	EndGlobalSection
	GlobalSection(ProjectConfigurationPlatforms) = postSolution
		{74B1172B-B0D5-A16D-7D24-9913F2D36448}.Debug|Any CPU.ActiveCfg = Debug|Any CPU
		{74B1172B-B0D5-A16D-7D24-9913F2D36448}.Debug|Any CPU.Build.0 = Debug|Any CPU
		{74B1172B-B0D5-A16D-7D24-9913F2D36448}.Release|Any CPU.ActiveCfg = Release|Any CPU
		{74B1172B-B0D5-A16D-7D24-9913F2D36448}.Release|Any CPU.Build.0 = Release|Any CPU
		{1C8DDFDE-F4C2-01D2-1CE5-A28092207E45}.Debug|Any CPU.ActiveCfg = Debug|Any CPU
		{1C8DDFDE-F4C2-01D2-1CE5-A28092207E45}.Debug|Any CPU.Build.0 = Debug|Any CPU
		{1C8DDFDE-F4C2-01D2-1CE5-A28092207E45}.Release|Any CPU.ActiveCfg = Release|Any CPU
		{1C8DDFDE-F4C2-01D2-1CE5-A28092207E45}.Release|Any CPU.Build.0 = Release|Any CPU
	EndGlobalSection
	GlobalSection(SolutionProperties) = preSolution
		HideSolutionNode = FALSE
	EndGlobalSection
	GlobalSection(MonoDevelopProperties) = preSolution
		StartupItem = Assembly-CSharp.csproj
	EndGlobalSection
EndGlobal
